
Microsoft Visual Studio Solution File, Format Version 12.00
# Visual Studio 15
VisualStudioVersion = 15.0.27130.2020
MinimumVisualStudioVersion = 10.0.40219.1
Project("{FAE04EC0-301F-11D3-BF4B-00C04F79EFBC}") = "RomanNumeralConverter.App", "RomanNumeralConverter.App\RomanNumeralConverter.App.csproj", "{00FB81EB-07F1-4F84-A844-00259B4260CA}"
EndProject
Global
	GlobalSection(SolutionConfigurationPlatforms) = preSolution
		Debug|Any CPU = Debug|Any CPU
		Release|Any CPU = Release|Any CPU
	EndGlobalSection
	GlobalSection(ProjectConfigurationPlatforms) = postSolution
		{00FB81EB-07F1-4F84-A844-00259B4260CA}.Debug|Any CPU.ActiveCfg = Debug|Any CPU
		{00FB81EB-07F1-4F84-A844-00259B4260CA}.Debug|Any CPU.Build.0 = Debug|Any CPU
		{00FB81EB-07F1-4F84-A844-00259B4260CA}.Release|Any CPU.ActiveCfg = Release|Any CPU
		{00FB81EB-07F1-4F84-A844-00259B4260CA}.Release|Any CPU.Build.0 = Release|Any CPU
	EndGlobalSection
	GlobalSection(SolutionProperties) = preSolution
		HideSolutionNode = FALSE
	EndGlobalSection
	GlobalSection(ExtensibilityGlobals) = postSolution
		SolutionGuid = {5548D8B7-538D-4833-816B-EA7B24F72CF8}
	EndGlobalSection
EndGlobal
